<?xml version="1.0" encoding="utf-8"?>
<Project ToolsVersion="4.0" xmlns="http://schemas.microsoft.com/developer/msbuild/2003">
  <ItemGroup>
    <Filter Include="源文件">
      <UniqueIdentifier>{4FC737F1-C7A5-4376-A066-2A32D752A2FF}</UniqueIdentifier>
      <Extensions>cpp;c;cc;cxx;def;odl;idl;hpj;bat;asm;asmx</Extensions>
    </Filter>
    <Filter Include="头文件">
      <UniqueIdentifier>{93995380-89BD-4b04-88EB-625FBE52EBFB}</UniqueIdentifier>
      <Extensions>h;hh;hpp;hxx;hm;inl;inc;xsd</Extensions>
    </Filter>
    <Filter Include="资源文件">
      <UniqueIdentifier>{67DA6AB6-F800-4c08-8B7A-83BB121AAD01}</UniqueIdentifier>
      <Extensions>rc;ico;cur;bmp;dlg;rc2;rct;bin;rgs;gif;jpg;jpeg;jpe;resx;tiff;tif;png;wav;mfcribbon-ms</Extensions>
    </Filter>
    <Filter Include="uires">
      <UniqueIdentifier>{ff8c0e2c-dcb5-4323-bbfc-078860f9535f}</UniqueIdentifier>
    </Filter>
    <Filter Include="uires\layout">
      <UniqueIdentifier>{8d201879-d7eb-4ebe-a6bb-a8c9707ea8f8}</UniqueIdentifier>
    </Filter>
    <Filter Include="uires\values">
      <UniqueIdentifier>{2c44cb02-2167-40c8-b724-aa898a214e89}</UniqueIdentifier>
    </Filter>
    <Filter Include="uires\anim">
      <UniqueIdentifier>{2e70d010-f169-434d-8493-5e3199bfb34e}</UniqueIdentifier>
    </Filter>
  </ItemGroup>
  <ItemGroup>
    <Text Include="ReadMe.txt" />
  </ItemGroup>
  <ItemGroup>
    <ClInclude Include="stdafx.h">
      <Filter>头文件</Filter>
    </ClInclude>
    <ClInclude Include="targetver.h">
      <Filter>头文件</Filter>
    </ClInclude>
    <ClInclude Include="resource.h">
      <Filter>头文件</Filter>
    </ClInclude>
    <ClInclude Include="MainWnd.h">
      <Filter>头文件</Filter>
    </ClInclude>
    <ClInclude Include="common.hpp">
      <Filter>头文件</Filter>
    </ClInclude>
    <ClInclude Include="ZigenData.hpp">
      <Filter>头文件</Filter>
    </ClInclude>
    <ClInclude Include="HanziData.hpp">
      <Filter>头文件</Filter>
    </ClInclude>
  </ItemGroup>
  <ItemGroup>
    <ClCompile Include="stdafx.cpp">
      <Filter>源文件</Filter>
    </ClCompile>
    <ClCompile Include="main.cpp">
      <Filter>源文件</Filter>
    </ClCompile>
    <ClCompile Include="MainWnd.cpp">
      <Filter>源文件</Filter>
    </ClCompile>
  </ItemGroup>
  <ItemGroup>
    <ResourceCompile Include="Zigen.rc">
      <Filter>资源文件</Filter>
    </ResourceCompile>
  </ItemGroup>
  <ItemGroup>
    <Xml Include="uires\init.xml">
      <Filter>uires</Filter>
    </Xml>
    <Xml Include="uires\layout\Wnd_Main.xml">
      <Filter>uires\layout</Filter>
    </Xml>
    <Xml Include="uires\values\color.xml">
      <Filter>uires\values</Filter>
    </Xml>
    <Xml Include="uires\values\skin.xml">
      <Filter>uires\values</Filter>
    </Xml>
    <Xml Include="uires\values\string.xml">
      <Filter>uires\values</Filter>
    </Xml>
    <Xml Include="uires\anim\score.xml">
      <Filter>uires\anim</Filter>
    </Xml>
    <Xml Include="uires\anim\hide.xml">
      <Filter>uires\anim</Filter>
    </Xml>
    <Xml Include="uires\anim\show.xml">
      <Filter>uires\anim</Filter>
    </Xml>
  </ItemGroup>
  <ItemGroup>
    <None Include="uires\uires.idx">
      <Filter>uires</Filter>
    </None>
  </ItemGroup>
</Project>